
Microsoft Visual Studio Solution File, Format Version 12.00
# Visual Studio 14
VisualStudioVersion = 14.0.25123.0
MinimumVisualStudioVersion = 10.0.40219.1
Project("{FAE04EC0-301F-11D3-BF4B-00C04F79EFBC}") = "HelloWorld", "HelloWorld\HelloWorld.csproj", "{E8C23125-8655-49E4-A29D-E13A25D9176A}"
EndProject
Project("{FAE04EC0-301F-11D3-BF4B-00C04F79EFBC}") = "ButtonLED", "ButtonLED\ButtonLED.csproj", "{C3DC1D9C-04D7-495D-8B53-9F7BBB6E8A25}"
EndProject
Project("{FAE04EC0-301F-11D3-BF4B-00C04F79EFBC}") = "BlinkingLED", "BlinkingLED\BlinkingLED.csproj", "{8A44BD54-5476-4C48-BB0F-E23DCE607A83}"
EndProject
Project("{FAE04EC0-301F-11D3-BF4B-00C04F79EFBC}") = "ButtonInput", "ButtonInput\ButtonInput.csproj", "{BF56375A-74EC-48F9-B515-736862F48FAE}"
EndProject
Project("{FAE04EC0-301F-11D3-BF4B-00C04F79EFBC}") = "Navigate", "Buzz\Navigate.csproj", "{D2D2E05A-E3D9-4B11-9E79-5828FBB47AFE}"
EndProject
Project("{FAE04EC0-301F-11D3-BF4B-00C04F79EFBC}") = "Demo", "Demo\Demo.csproj", "{ADAF2AFF-CB2D-4F69-8920-3DCC86F15BC8}"
EndProject
Project("{8BC9CEB8-8B4A-11D0-8D11-00A0C91BC942}") = "NativeApp", "NativeApp\NativeApp.vcxproj", "{2987BD15-EE9A-4512-BCF0-21A1F6819DC3}"
EndProject
Project("{FAE04EC0-301F-11D3-BF4B-00C04F79EFBC}") = "SenseHat", "SenseHat\SenseHat.csproj", "{781CC37F-A1DE-4A47-B139-999ED8A750D9}"
EndProject
Project("{8BC9CEB8-8B4A-11D0-8D11-00A0C91BC942}") = "BackgroundApplication1", "BackgroundApplication1\BackgroundApplication1.vcxproj", "{82FFE693-5762-42E5-900A-5D58A69E422E}"
EndProject
Global
	GlobalSection(SolutionConfigurationPlatforms) = preSolution
		Debug|ARM = Debug|ARM
		Debug|x64 = Debug|x64
		Debug|x86 = Debug|x86
		Release|ARM = Release|ARM
		Release|x64 = Release|x64
		Release|x86 = Release|x86
	EndGlobalSection
	GlobalSection(ProjectConfigurationPlatforms) = postSolution
		{E8C23125-8655-49E4-A29D-E13A25D9176A}.Debug|ARM.ActiveCfg = Debug|ARM
		{E8C23125-8655-49E4-A29D-E13A25D9176A}.Debug|ARM.Build.0 = Debug|ARM
		{E8C23125-8655-49E4-A29D-E13A25D9176A}.Debug|ARM.Deploy.0 = Debug|ARM
		{E8C23125-8655-49E4-A29D-E13A25D9176A}.Debug|x64.ActiveCfg = Debug|x64
		{E8C23125-8655-49E4-A29D-E13A25D9176A}.Debug|x64.Build.0 = Debug|x64
		{E8C23125-8655-49E4-A29D-E13A25D9176A}.Debug|x64.Deploy.0 = Debug|x64
		{E8C23125-8655-49E4-A29D-E13A25D9176A}.Debug|x86.ActiveCfg = Debug|x86
		{E8C23125-8655-49E4-A29D-E13A25D9176A}.Debug|x86.Build.0 = Debug|x86
		{E8C23125-8655-49E4-A29D-E13A25D9176A}.Debug|x86.Deploy.0 = Debug|x86
		{E8C23125-8655-49E4-A29D-E13A25D9176A}.Release|ARM.ActiveCfg = Release|ARM
		{E8C23125-8655-49E4-A29D-E13A25D9176A}.Release|ARM.Build.0 = Release|ARM
		{E8C23125-8655-49E4-A29D-E13A25D9176A}.Release|ARM.Deploy.0 = Release|ARM
		{E8C23125-8655-49E4-A29D-E13A25D9176A}.Release|x64.ActiveCfg = Release|x64
		{E8C23125-8655-49E4-A29D-E13A25D9176A}.Release|x64.Build.0 = Release|x64
		{E8C23125-8655-49E4-A29D-E13A25D9176A}.Release|x64.Deploy.0 = Release|x64
		{E8C23125-8655-49E4-A29D-E13A25D9176A}.Release|x86.ActiveCfg = Release|x86
		{E8C23125-8655-49E4-A29D-E13A25D9176A}.Release|x86.Build.0 = Release|x86
		{E8C23125-8655-49E4-A29D-E13A25D9176A}.Release|x86.Deploy.0 = Release|x86
		{C3DC1D9C-04D7-495D-8B53-9F7BBB6E8A25}.Debug|ARM.ActiveCfg = Debug|ARM
		{C3DC1D9C-04D7-495D-8B53-9F7BBB6E8A25}.Debug|ARM.Build.0 = Debug|ARM
		{C3DC1D9C-04D7-495D-8B53-9F7BBB6E8A25}.Debug|ARM.Deploy.0 = Debug|ARM
		{C3DC1D9C-04D7-495D-8B53-9F7BBB6E8A25}.Debug|x64.ActiveCfg = Debug|x64
		{C3DC1D9C-04D7-495D-8B53-9F7BBB6E8A25}.Debug|x64.Build.0 = Debug|x64
		{C3DC1D9C-04D7-495D-8B53-9F7BBB6E8A25}.Debug|x64.Deploy.0 = Debug|x64
		{C3DC1D9C-04D7-495D-8B53-9F7BBB6E8A25}.Debug|x86.ActiveCfg = Debug|x86
		{C3DC1D9C-04D7-495D-8B53-9F7BBB6E8A25}.Debug|x86.Build.0 = Debug|x86
		{C3DC1D9C-04D7-495D-8B53-9F7BBB6E8A25}.Debug|x86.Deploy.0 = Debug|x86
		{C3DC1D9C-04D7-495D-8B53-9F7BBB6E8A25}.Release|ARM.ActiveCfg = Release|ARM
		{C3DC1D9C-04D7-495D-8B53-9F7BBB6E8A25}.Release|ARM.Build.0 = Release|ARM
		{C3DC1D9C-04D7-495D-8B53-9F7BBB6E8A25}.Release|ARM.Deploy.0 = Release|ARM
		{C3DC1D9C-04D7-495D-8B53-9F7BBB6E8A25}.Release|x64.ActiveCfg = Release|x64
		{C3DC1D9C-04D7-495D-8B53-9F7BBB6E8A25}.Release|x64.Build.0 = Release|x64
		{C3DC1D9C-04D7-495D-8B53-9F7BBB6E8A25}.Release|x64.Deploy.0 = Release|x64
		{C3DC1D9C-04D7-495D-8B53-9F7BBB6E8A25}.Release|x86.ActiveCfg = Release|x86
		{C3DC1D9C-04D7-495D-8B53-9F7BBB6E8A25}.Release|x86.Build.0 = Release|x86
		{C3DC1D9C-04D7-495D-8B53-9F7BBB6E8A25}.Release|x86.Deploy.0 = Release|x86
		{8A44BD54-5476-4C48-BB0F-E23DCE607A83}.Debug|ARM.ActiveCfg = Debug|ARM
		{8A44BD54-5476-4C48-BB0F-E23DCE607A83}.Debug|ARM.Build.0 = Debug|ARM
		{8A44BD54-5476-4C48-BB0F-E23DCE607A83}.Debug|ARM.Deploy.0 = Debug|ARM
		{8A44BD54-5476-4C48-BB0F-E23DCE607A83}.Debug|x64.ActiveCfg = Debug|x64
		{8A44BD54-5476-4C48-BB0F-E23DCE607A83}.Debug|x64.Build.0 = Debug|x64
		{8A44BD54-5476-4C48-BB0F-E23DCE607A83}.Debug|x64.Deploy.0 = Debug|x64
		{8A44BD54-5476-4C48-BB0F-E23DCE607A83}.Debug|x86.ActiveCfg = Debug|x86
		{8A44BD54-5476-4C48-BB0F-E23DCE607A83}.Debug|x86.Build.0 = Debug|x86
		{8A44BD54-5476-4C48-BB0F-E23DCE607A83}.Debug|x86.Deploy.0 = Debug|x86
		{8A44BD54-5476-4C48-BB0F-E23DCE607A83}.Release|ARM.ActiveCfg = Release|ARM
		{8A44BD54-5476-4C48-BB0F-E23DCE607A83}.Release|ARM.Build.0 = Release|ARM
		{8A44BD54-5476-4C48-BB0F-E23DCE607A83}.Release|ARM.Deploy.0 = Release|ARM
		{8A44BD54-5476-4C48-BB0F-E23DCE607A83}.Release|x64.ActiveCfg = Release|x64
		{8A44BD54-5476-4C48-BB0F-E23DCE607A83}.Release|x64.Build.0 = Release|x64
		{8A44BD54-5476-4C48-BB0F-E23DCE607A83}.Release|x64.Deploy.0 = Release|x64
		{8A44BD54-5476-4C48-BB0F-E23DCE607A83}.Release|x86.ActiveCfg = Release|x86
		{8A44BD54-5476-4C48-BB0F-E23DCE607A83}.Release|x86.Build.0 = Release|x86
		{8A44BD54-5476-4C48-BB0F-E23DCE607A83}.Release|x86.Deploy.0 = Release|x86
		{BF56375A-74EC-48F9-B515-736862F48FAE}.Debug|ARM.ActiveCfg = Debug|ARM
		{BF56375A-74EC-48F9-B515-736862F48FAE}.Debug|ARM.Build.0 = Debug|ARM
		{BF56375A-74EC-48F9-B515-736862F48FAE}.Debug|ARM.Deploy.0 = Debug|ARM
		{BF56375A-74EC-48F9-B515-736862F48FAE}.Debug|x64.ActiveCfg = Debug|x64
		{BF56375A-74EC-48F9-B515-736862F48FAE}.Debug|x64.Build.0 = Debug|x64
		{BF56375A-74EC-48F9-B515-736862F48FAE}.Debug|x64.Deploy.0 = Debug|x64
		{BF56375A-74EC-48F9-B515-736862F48FAE}.Debug|x86.ActiveCfg = Debug|x86
		{BF56375A-74EC-48F9-B515-736862F48FAE}.Debug|x86.Build.0 = Debug|x86
		{BF56375A-74EC-48F9-B515-736862F48FAE}.Debug|x86.Deploy.0 = Debug|x86
		{BF56375A-74EC-48F9-B515-736862F48FAE}.Release|ARM.ActiveCfg = Release|ARM
		{BF56375A-74EC-48F9-B515-736862F48FAE}.Release|ARM.Build.0 = Release|ARM
		{BF56375A-74EC-48F9-B515-736862F48FAE}.Release|ARM.Deploy.0 = Release|ARM
		{BF56375A-74EC-48F9-B515-736862F48FAE}.Release|x64.ActiveCfg = Release|x64
		{BF56375A-74EC-48F9-B515-736862F48FAE}.Release|x64.Build.0 = Release|x64
		{BF56375A-74EC-48F9-B515-736862F48FAE}.Release|x64.Deploy.0 = Release|x64
		{BF56375A-74EC-48F9-B515-736862F48FAE}.Release|x86.ActiveCfg = Release|x86
		{BF56375A-74EC-48F9-B515-736862F48FAE}.Release|x86.Build.0 = Release|x86
		{BF56375A-74EC-48F9-B515-736862F48FAE}.Release|x86.Deploy.0 = Release|x86
		{ADAF2AFF-CB2D-4F69-8920-3DCC86F15BC8}.Debug|ARM.ActiveCfg = Debug|ARM
		{ADAF2AFF-CB2D-4F69-8920-3DCC86F15BC8}.Debug|ARM.Build.0 = Debug|ARM
		{ADAF2AFF-CB2D-4F69-8920-3DCC86F15BC8}.Debug|ARM.Deploy.0 = Debug|ARM
		{ADAF2AFF-CB2D-4F69-8920-3DCC86F15BC8}.Debug|x64.ActiveCfg = Debug|x64
		{ADAF2AFF-CB2D-4F69-8920-3DCC86F15BC8}.Debug|x64.Build.0 = Debug|x64
		{ADAF2AFF-CB2D-4F69-8920-3DCC86F15BC8}.Debug|x64.Deploy.0 = Debug|x64
		{ADAF2AFF-CB2D-4F69-8920-3DCC86F15BC8}.Debug|x86.ActiveCfg = Debug|x86
		{ADAF2AFF-CB2D-4F69-8920-3DCC86F15BC8}.Debug|x86.Build.0 = Debug|x86
		{ADAF2AFF-CB2D-4F69-8920-3DCC86F15BC8}.Debug|x86.Deploy.0 = Debug|x86
		{ADAF2AFF-CB2D-4F69-8920-3DCC86F15BC8}.Release|ARM.ActiveCfg = Release|ARM
		{ADAF2AFF-CB2D-4F69-8920-3DCC86F15BC8}.Release|ARM.Build.0 = Release|ARM
		{ADAF2AFF-CB2D-4F69-8920-3DCC86F15BC8}.Release|ARM.Deploy.0 = Release|ARM
		{ADAF2AFF-CB2D-4F69-8920-3DCC86F15BC8}.Release|x64.ActiveCfg = Release|x64
		{ADAF2AFF-CB2D-4F69-8920-3DCC86F15BC8}.Release|x64.Build.0 = Release|x64
		{ADAF2AFF-CB2D-4F69-8920-3DCC86F15BC8}.Release|x64.Deploy.0 = Release|x64
		{ADAF2AFF-CB2D-4F69-8920-3DCC86F15BC8}.Release|x86.ActiveCfg = Release|x86
		{ADAF2AFF-CB2D-4F69-8920-3DCC86F15BC8}.Release|x86.Build.0 = Release|x86
		{ADAF2AFF-CB2D-4F69-8920-3DCC86F15BC8}.Release|x86.Deploy.0 = Release|x86
		{2987BD15-EE9A-4512-BCF0-21A1F6819DC3}.Debug|ARM.ActiveCfg = Debug|ARM
		{2987BD15-EE9A-4512-BCF0-21A1F6819DC3}.Debug|ARM.Build.0 = Debug|ARM
		{2987BD15-EE9A-4512-BCF0-21A1F6819DC3}.Debug|ARM.Deploy.0 = Debug|ARM
		{2987BD15-EE9A-4512-BCF0-21A1F6819DC3}.Debug|x64.ActiveCfg = Debug|x64
		{2987BD15-EE9A-4512-BCF0-21A1F6819DC3}.Debug|x64.Build.0 = Debug|x64
		{2987BD15-EE9A-4512-BCF0-21A1F6819DC3}.Debug|x64.Deploy.0 = Debug|x64
		{2987BD15-EE9A-4512-BCF0-21A1F6819DC3}.Debug|x86.ActiveCfg = Debug|Win32
		{2987BD15-EE9A-4512-BCF0-21A1F6819DC3}.Debug|x86.Build.0 = Debug|Win32
		{2987BD15-EE9A-4512-BCF0-21A1F6819DC3}.Debug|x86.Deploy.0 = Debug|Win32
		{2987BD15-EE9A-4512-BCF0-21A1F6819DC3}.Release|ARM.ActiveCfg = Release|ARM
		{2987BD15-EE9A-4512-BCF0-21A1F6819DC3}.Release|ARM.Build.0 = Release|ARM
		{2987BD15-EE9A-4512-BCF0-21A1F6819DC3}.Release|ARM.Deploy.0 = Release|ARM
		{2987BD15-EE9A-4512-BCF0-21A1F6819DC3}.Release|x64.ActiveCfg = Release|x64
		{2987BD15-EE9A-4512-BCF0-21A1F6819DC3}.Release|x64.Build.0 = Release|x64
		{2987BD15-EE9A-4512-BCF0-21A1F6819DC3}.Release|x64.Deploy.0 = Release|x64
		{2987BD15-EE9A-4512-BCF0-21A1F6819DC3}.Release|x86.ActiveCfg = Release|Win32
		{2987BD15-EE9A-4512-BCF0-21A1F6819DC3}.Release|x86.Build.0 = Release|Win32
		{2987BD15-EE9A-4512-BCF0-21A1F6819DC3}.Release|x86.Deploy.0 = Release|Win32
		{781CC37F-A1DE-4A47-B139-999ED8A750D9}.Debug|ARM.ActiveCfg = Debug|ARM
		{781CC37F-A1DE-4A47-B139-999ED8A750D9}.Debug|ARM.Build.0 = Debug|ARM
		{781CC37F-A1DE-4A47-B139-999ED8A750D9}.Debug|ARM.Deploy.0 = Debug|ARM
		{781CC37F-A1DE-4A47-B139-999ED8A750D9}.Debug|x64.ActiveCfg = Debug|x64
		{781CC37F-A1DE-4A47-B139-999ED8A750D9}.Debug|x64.Build.0 = Debug|x64
		{781CC37F-A1DE-4A47-B139-999ED8A750D9}.Debug|x64.Deploy.0 = Debug|x64
		{781CC37F-A1DE-4A47-B139-999ED8A750D9}.Debug|x86.ActiveCfg = Debug|x86
		{781CC37F-A1DE-4A47-B139-999ED8A750D9}.Debug|x86.Build.0 = Debug|x86
		{781CC37F-A1DE-4A47-B139-999ED8A750D9}.Debug|x86.Deploy.0 = Debug|x86
		{781CC37F-A1DE-4A47-B139-999ED8A750D9}.Release|ARM.ActiveCfg = Release|ARM
		{781CC37F-A1DE-4A47-B139-999ED8A750D9}.Release|ARM.Build.0 = Release|ARM
		{781CC37F-A1DE-4A47-B139-999ED8A750D9}.Release|ARM.Deploy.0 = Release|ARM
		{781CC37F-A1DE-4A47-B139-999ED8A750D9}.Release|x64.ActiveCfg = Release|x64
		{781CC37F-A1DE-4A47-B139-999ED8A750D9}.Release|x64.Build.0 = Release|x64
		{781CC37F-A1DE-4A47-B139-999ED8A750D9}.Release|x64.Deploy.0 = Release|x64
		{781CC37F-A1DE-4A47-B139-999ED8A750D9}.Release|x86.ActiveCfg = Release|x86
		{781CC37F-A1DE-4A47-B139-999ED8A750D9}.Release|x86.Build.0 = Release|x86
		{781CC37F-A1DE-4A47-B139-999ED8A750D9}.Release|x86.Deploy.0 = Release|x86
		{82FFE693-5762-42E5-900A-5D58A69E422E}.Debug|ARM.ActiveCfg = Debug|ARM
		{82FFE693-5762-42E5-900A-5D58A69E422E}.Debug|ARM.Build.0 = Debug|ARM
		{82FFE693-5762-42E5-900A-5D58A69E422E}.Debug|ARM.Deploy.0 = Debug|ARM
		{82FFE693-5762-42E5-900A-5D58A69E422E}.Debug|x64.ActiveCfg = Debug|x64
		{82FFE693-5762-42E5-900A-5D58A69E422E}.Debug|x64.Build.0 = Debug|x64
		{82FFE693-5762-42E5-900A-5D58A69E422E}.Debug|x64.Deploy.0 = Debug|x64
		{82FFE693-5762-42E5-900A-5D58A69E422E}.Debug|x86.ActiveCfg = Debug|Win32
		{82FFE693-5762-42E5-900A-5D58A69E422E}.Debug|x86.Build.0 = Debug|Win32
		{82FFE693-5762-42E5-900A-5D58A69E422E}.Debug|x86.Deploy.0 = Debug|Win32
		{82FFE693-5762-42E5-900A-5D58A69E422E}.Release|ARM.ActiveCfg = Release|ARM
		{82FFE693-5762-42E5-900A-5D58A69E422E}.Release|ARM.Build.0 = Release|ARM
		{82FFE693-5762-42E5-900A-5D58A69E422E}.Release|ARM.Deploy.0 = Release|ARM
		{82FFE693-5762-42E5-900A-5D58A69E422E}.Release|x64.ActiveCfg = Release|x64
		{82FFE693-5762-42E5-900A-5D58A69E422E}.Release|x64.Build.0 = Release|x64
		{82FFE693-5762-42E5-900A-5D58A69E422E}.Release|x64.Deploy.0 = Release|x64
		{82FFE693-5762-42E5-900A-5D58A69E422E}.Release|x86.ActiveCfg = Release|Win32
		{82FFE693-5762-42E5-900A-5D58A69E422E}.Release|x86.Build.0 = Release|Win32
		{82FFE693-5762-42E5-900A-5D58A69E422E}.Release|x86.Deploy.0 = Release|Win32
		{D2D2E05A-E3D9-4B11-9E79-5828FBB47AFE}.Debug|ARM.ActiveCfg = Debug|ARM
		{D2D2E05A-E3D9-4B11-9E79-5828FBB47AFE}.Debug|ARM.Build.0 = Debug|ARM
		{D2D2E05A-E3D9-4B11-9E79-5828FBB47AFE}.Debug|ARM.Deploy.0 = Debug|ARM
		{D2D2E05A-E3D9-4B11-9E79-5828FBB47AFE}.Debug|x64.ActiveCfg = Debug|x64
		{D2D2E05A-E3D9-4B11-9E79-5828FBB47AFE}.Debug|x64.Build.0 = Debug|x64
		{D2D2E05A-E3D9-4B11-9E79-5828FBB47AFE}.Debug|x64.Deploy.0 = Debug|x64
		{D2D2E05A-E3D9-4B11-9E79-5828FBB47AFE}.Debug|x86.ActiveCfg = Debug|x86
		{D2D2E05A-E3D9-4B11-9E79-5828FBB47AFE}.Debug|x86.Build.0 = Debug|x86
		{D2D2E05A-E3D9-4B11-9E79-5828FBB47AFE}.Debug|x86.Deploy.0 = Debug|x86
		{D2D2E05A-E3D9-4B11-9E79-5828FBB47AFE}.Release|ARM.ActiveCfg = Release|ARM
		{D2D2E05A-E3D9-4B11-9E79-5828FBB47AFE}.Release|ARM.Build.0 = Release|ARM
		{D2D2E05A-E3D9-4B11-9E79-5828FBB47AFE}.Release|ARM.Deploy.0 = Release|ARM
		{D2D2E05A-E3D9-4B11-9E79-5828FBB47AFE}.Release|x64.ActiveCfg = Release|x64
		{D2D2E05A-E3D9-4B11-9E79-5828FBB47AFE}.Release|x64.Build.0 = Release|x64
		{D2D2E05A-E3D9-4B11-9E79-5828FBB47AFE}.Release|x64.Deploy.0 = Release|x64
		{D2D2E05A-E3D9-4B11-9E79-5828FBB47AFE}.Release|x86.ActiveCfg = Release|x86
		{D2D2E05A-E3D9-4B11-9E79-5828FBB47AFE}.Release|x86.Build.0 = Release|x86
		{D2D2E05A-E3D9-4B11-9E79-5828FBB47AFE}.Release|x86.Deploy.0 = Release|x86
	EndGlobalSection
	GlobalSection(SolutionProperties) = preSolution
		HideSolutionNode = FALSE
	EndGlobalSection
EndGlobal
